
Microsoft Visual Studio Solution File, Format Version 12.00
# Visual Studio 2012
Project("{FAE04EC0-301F-11D3-BF4B-00C04F79EFBC}") = "WoLa", "WoLa\WoLa.csproj", "{0D83C065-0EF1-4287-BC5F-0DE4B007D94A}"
EndProject
Project("{FAE04EC0-301F-11D3-BF4B-00C04F79EFBC}") = "WoLa.iOS", "iOS\WoLa.iOS.csproj", "{03EBA63C-9CB7-400A-BB16-906FAE90D190}"
EndProject
Project("{FAE04EC0-301F-11D3-BF4B-00C04F79EFBC}") = "WoLa.Droid", "Droid\WoLa.Droid.csproj", "{75F236FF-61DF-4487-8A5E-782A403C7292}"
EndProject
Project("{FAE04EC0-301F-11D3-BF4B-00C04F79EFBC}") = "WoLa.UITests", "UITests\WoLa.UITests.csproj", "{133A6C4F-44A9-4ADC-8202-71747BB1A9DE}"
EndProject
Global
	GlobalSection(SolutionConfigurationPlatforms) = preSolution
		Debug|Any CPU = Debug|Any CPU
		Release|Any CPU = Release|Any CPU
		Debug|iPhoneSimulator = Debug|iPhoneSimulator
		Release|iPhone = Release|iPhone
		Release|iPhoneSimulator = Release|iPhoneSimulator
		Debug|iPhone = Debug|iPhone
	EndGlobalSection
	GlobalSection(ProjectConfigurationPlatforms) = postSolution
		{0D83C065-0EF1-4287-BC5F-0DE4B007D94A}.Debug|Any CPU.ActiveCfg = Debug|Any CPU
		{0D83C065-0EF1-4287-BC5F-0DE4B007D94A}.Debug|Any CPU.Build.0 = Debug|Any CPU
		{0D83C065-0EF1-4287-BC5F-0DE4B007D94A}.Release|Any CPU.ActiveCfg = Release|Any CPU
		{0D83C065-0EF1-4287-BC5F-0DE4B007D94A}.Release|Any CPU.Build.0 = Release|Any CPU
		{0D83C065-0EF1-4287-BC5F-0DE4B007D94A}.Debug|iPhoneSimulator.ActiveCfg = Debug|Any CPU
		{0D83C065-0EF1-4287-BC5F-0DE4B007D94A}.Debug|iPhoneSimulator.Build.0 = Debug|Any CPU
		{0D83C065-0EF1-4287-BC5F-0DE4B007D94A}.Release|iPhone.ActiveCfg = Release|Any CPU
		{0D83C065-0EF1-4287-BC5F-0DE4B007D94A}.Release|iPhone.Build.0 = Release|Any CPU
		{0D83C065-0EF1-4287-BC5F-0DE4B007D94A}.Release|iPhoneSimulator.ActiveCfg = Release|Any CPU
		{0D83C065-0EF1-4287-BC5F-0DE4B007D94A}.Release|iPhoneSimulator.Build.0 = Release|Any CPU
		{0D83C065-0EF1-4287-BC5F-0DE4B007D94A}.Debug|iPhone.ActiveCfg = Debug|Any CPU
		{0D83C065-0EF1-4287-BC5F-0DE4B007D94A}.Debug|iPhone.Build.0 = Debug|Any CPU
		{03EBA63C-9CB7-400A-BB16-906FAE90D190}.Debug|Any CPU.ActiveCfg = Debug|iPhoneSimulator
		{03EBA63C-9CB7-400A-BB16-906FAE90D190}.Debug|Any CPU.Build.0 = Debug|iPhoneSimulator
		{03EBA63C-9CB7-400A-BB16-906FAE90D190}.Release|Any CPU.ActiveCfg = Release|iPhone
		{03EBA63C-9CB7-400A-BB16-906FAE90D190}.Release|Any CPU.Build.0 = Release|iPhone
		{03EBA63C-9CB7-400A-BB16-906FAE90D190}.Debug|iPhoneSimulator.ActiveCfg = Debug|iPhoneSimulator
		{03EBA63C-9CB7-400A-BB16-906FAE90D190}.Debug|iPhoneSimulator.Build.0 = Debug|iPhoneSimulator
		{03EBA63C-9CB7-400A-BB16-906FAE90D190}.Release|iPhone.ActiveCfg = Release|iPhone
		{03EBA63C-9CB7-400A-BB16-906FAE90D190}.Release|iPhone.Build.0 = Release|iPhone
		{03EBA63C-9CB7-400A-BB16-906FAE90D190}.Release|iPhoneSimulator.ActiveCfg = Release|iPhoneSimulator
		{03EBA63C-9CB7-400A-BB16-906FAE90D190}.Release|iPhoneSimulator.Build.0 = Release|iPhoneSimulator
		{03EBA63C-9CB7-400A-BB16-906FAE90D190}.Debug|iPhone.ActiveCfg = Debug|iPhone
		{03EBA63C-9CB7-400A-BB16-906FAE90D190}.Debug|iPhone.Build.0 = Debug|iPhone
		{75F236FF-61DF-4487-8A5E-782A403C7292}.Debug|Any CPU.ActiveCfg = Debug|Any CPU
		{75F236FF-61DF-4487-8A5E-782A403C7292}.Debug|Any CPU.Build.0 = Debug|Any CPU
		{75F236FF-61DF-4487-8A5E-782A403C7292}.Release|Any CPU.ActiveCfg = Release|Any CPU
		{75F236FF-61DF-4487-8A5E-782A403C7292}.Release|Any CPU.Build.0 = Release|Any CPU
		{75F236FF-61DF-4487-8A5E-782A403C7292}.Debug|iPhoneSimulator.ActiveCfg = Debug|Any CPU
		{75F236FF-61DF-4487-8A5E-782A403C7292}.Debug|iPhoneSimulator.Build.0 = Debug|Any CPU
		{75F236FF-61DF-4487-8A5E-782A403C7292}.Release|iPhone.ActiveCfg = Release|Any CPU
		{75F236FF-61DF-4487-8A5E-782A403C7292}.Release|iPhone.Build.0 = Release|Any CPU
		{75F236FF-61DF-4487-8A5E-782A403C7292}.Release|iPhoneSimulator.ActiveCfg = Release|Any CPU
		{75F236FF-61DF-4487-8A5E-782A403C7292}.Release|iPhoneSimulator.Build.0 = Release|Any CPU
		{75F236FF-61DF-4487-8A5E-782A403C7292}.Debug|iPhone.ActiveCfg = Debug|Any CPU
		{75F236FF-61DF-4487-8A5E-782A403C7292}.Debug|iPhone.Build.0 = Debug|Any CPU
		{133A6C4F-44A9-4ADC-8202-71747BB1A9DE}.Debug|Any CPU.ActiveCfg = Debug|Any CPU
		{133A6C4F-44A9-4ADC-8202-71747BB1A9DE}.Debug|Any CPU.Build.0 = Debug|Any CPU
		{133A6C4F-44A9-4ADC-8202-71747BB1A9DE}.Release|Any CPU.ActiveCfg = Release|Any CPU
		{133A6C4F-44A9-4ADC-8202-71747BB1A9DE}.Release|Any CPU.Build.0 = Release|Any CPU
		{133A6C4F-44A9-4ADC-8202-71747BB1A9DE}.Debug|iPhoneSimulator.ActiveCfg = Debug|Any CPU
		{133A6C4F-44A9-4ADC-8202-71747BB1A9DE}.Debug|iPhoneSimulator.Build.0 = Debug|Any CPU
		{133A6C4F-44A9-4ADC-8202-71747BB1A9DE}.Release|iPhone.ActiveCfg = Release|Any CPU
		{133A6C4F-44A9-4ADC-8202-71747BB1A9DE}.Release|iPhone.Build.0 = Release|Any CPU
		{133A6C4F-44A9-4ADC-8202-71747BB1A9DE}.Release|iPhoneSimulator.ActiveCfg = Release|Any CPU
		{133A6C4F-44A9-4ADC-8202-71747BB1A9DE}.Release|iPhoneSimulator.Build.0 = Release|Any CPU
		{133A6C4F-44A9-4ADC-8202-71747BB1A9DE}.Debug|iPhone.ActiveCfg = Debug|Any CPU
		{133A6C4F-44A9-4ADC-8202-71747BB1A9DE}.Debug|iPhone.Build.0 = Debug|Any CPU
	EndGlobalSection
EndGlobal
